// !$*UTF8*$!
{
	archiveVersion = 1;
	classes = {
	};
	objectVersion = 50;
	objects = {

/* Begin PBXBuildFile section */
		A9C7AB2F24A451740070177B /* AppDelegate.swift in Sources */ = {isa = PBXBuildFile; fileRef = A9C7AB2E24A451740070177B /* AppDelegate.swift */; };
		A9C7AB3124A451740070177B /* SceneDelegate.swift in Sources */ = {isa = PBXBuildFile; fileRef = A9C7AB3024A451740070177B /* SceneDelegate.swift */; };
		A9C7AB3324A451740070177B /* ViewController.swift in Sources */ = {isa = PBXBuildFile; fileRef = A9C7AB3224A451740070177B /* ViewController.swift */; };
		A9C7AB3624A451740070177B /* Main.storyboard in Resources */ = {isa = PBXBuildFile; fileRef = A9C7AB3424A451740070177B /* Main.storyboard */; };
		A9C7AB3824A451760070177B /* Assets.xcassets in Resources */ = {isa = PBXBuildFile; fileRef = A9C7AB3724A451760070177B /* Assets.xcassets */; };
		A9C7AB3B24A451760070177B /* LaunchScreen.storyboard in Resources */ = {isa = PBXBuildFile; fileRef = A9C7AB3924A451760070177B /* LaunchScreen.storyboard */; };
		A9C7AB4624A456DF0070177B /* Places.swift in Sources */ = {isa = PBXBuildFile; fileRef = A9C7AB4524A456DF0070177B /* Places.swift */; };
		A9C7AB4924A45C840070177B /* PlaceTableViewCell.swift in Sources */ = {isa = PBXBuildFile; fileRef = A9C7AB4724A45C840070177B /* PlaceTableViewCell.swift */; };
		A9C7AB4A24A45C840070177B /* PlaceTableViewCell.xib in Resources */ = {isa = PBXBuildFile; fileRef = A9C7AB4824A45C840070177B /* PlaceTableViewCell.xib */; };
		A9C7AB4D24A4629D0070177B /* DetailViewController.swift in Sources */ = {isa = PBXBuildFile; fileRef = A9C7AB4B24A4629D0070177B /* DetailViewController.swift */; };
		A9C7AB4E24A4629D0070177B /* DetailViewController.xib in Resources */ = {isa = PBXBuildFile; fileRef = A9C7AB4C24A4629D0070177B /* DetailViewController.xib */; };
		A9C7AB5124A480B30070177B /* ProfileViewController.swift in Sources */ = {isa = PBXBuildFile; fileRef = A9C7AB4F24A480B30070177B /* ProfileViewController.swift */; };
		A9C7AB5224A480B30070177B /* ProfileViewController.xib in Resources */ = {isa = PBXBuildFile; fileRef = A9C7AB5024A480B30070177B /* ProfileViewController.xib */; };
/* End PBXBuildFile section */

/* Begin PBXFileReference section */
		A9C7AB2B24A451740070177B /* Wispung.app */ = {isa = PBXFileReference; explicitFileType = wrapper.application; includeInIndex = 0; path = Wispung.app; sourceTree = BUILT_PRODUCTS_DIR; };
		A9C7AB2E24A451740070177B /* AppDelegate.swift */ = {isa = PBXFileReference; lastKnownFileType = sourcecode.swift; path = AppDelegate.swift; sourceTree = "<group>"; };
		A9C7AB3024A451740070177B /* SceneDelegate.swift */ = {isa = PBXFileReference; lastKnownFileType = sourcecode.swift; path = SceneDelegate.swift; sourceTree = "<group>"; };
		A9C7AB3224A451740070177B /* ViewController.swift */ = {isa = PBXFileReference; lastKnownFileType = sourcecode.swift; path = ViewController.swift; sourceTree = "<group>"; };
		A9C7AB3524A451740070177B /* Base */ = {isa = PBXFileReference; lastKnownFileType = file.storyboard; name = Base; path = Base.lproj/Main.storyboard; sourceTree = "<group>"; };
		A9C7AB3724A451760070177B /* Assets.xcassets */ = {isa = PBXFileReference; lastKnownFileType = folder.assetcatalog; path = Assets.xcassets; sourceTree = "<group>"; };
		A9C7AB3A24A451760070177B /* Base */ = {isa = PBXFileReference; lastKnownFileType = file.storyboard; name = Base; path = Base.lproj/LaunchScreen.storyboard; sourceTree = "<group>"; };
		A9C7AB3C24A451760070177B /* Info.plist */ = {isa = PBXFileReference; lastKnownFileType = text.plist.xml; path = Info.plist; sourceTree = "<group>"; };
		A9C7AB4524A456DF0070177B /* Places.swift */ = {isa = PBXFileReference; lastKnownFileType = sourcecode.swift; path = Places.swift; sourceTree = "<group>"; };
		A9C7AB4724A45C840070177B /* PlaceTableViewCell.swift */ = {isa = PBXFileReference; lastKnownFileType = sourcecode.swift; path = PlaceTableViewCell.swift; sourceTree = "<group>"; };
		A9C7AB4824A45C840070177B /* PlaceTableViewCell.xib */ = {isa = PBXFileReference; lastKnownFileType = file.xib; path = PlaceTableViewCell.xib; sourceTree = "<group>"; };
		A9C7AB4B24A4629D0070177B /* DetailViewController.swift */ = {isa = PBXFileReference; lastKnownFileType = sourcecode.swift; path = DetailViewController.swift; sourceTree = "<group>"; };
		A9C7AB4C24A4629D0070177B /* DetailViewController.xib */ = {isa = PBXFileReference; lastKnownFileType = file.xib; path = DetailViewController.xib; sourceTree = "<group>"; };
		A9C7AB4F24A480B30070177B /* ProfileViewController.swift */ = {isa = PBXFileReference; lastKnownFileType = sourcecode.swift; path = ProfileViewController.swift; sourceTree = "<group>"; };
		A9C7AB5024A480B30070177B /* ProfileViewController.xib */ = {isa = PBXFileReference; lastKnownFileType = file.xib; path = ProfileViewController.xib; sourceTree = "<group>"; };
/* End PBXFileReference section */

/* Begin PBXFrameworksBuildPhase section */
		A9C7AB2824A451740070177B /* Frameworks */ = {
			isa = PBXFrameworksBuildPhase;
			buildActionMask = 2147483647;
			files = (
			);
			runOnlyForDeploymentPostprocessing = 0;
		};
/* End PBXFrameworksBuildPhase section */

/* Begin PBXGroup section */
		A9C7AB2224A451740070177B = {
			isa = PBXGroup;
			children = (
				A9C7AB2D24A451740070177B /* Wispung */,
				A9C7AB2C24A451740070177B /* Products */,
			);
			sourceTree = "<group>";
		};
		A9C7AB2C24A451740070177B /* Products */ = {
			isa = PBXGroup;
			children = (
				A9C7AB2B24A451740070177B /* Wispung.app */,
			);
			name = Products;
			sourceTree = "<group>";
		};
		A9C7AB2D24A451740070177B /* Wispung */ = {
			isa = PBXGroup;
			children = (
				A9C7AB4424A454480070177B /* Views */,
				A9C7AB4324A4543F0070177B /* Controllers */,
				A9C7AB4224A454360070177B /* Models */,
				A9C7AB2E24A451740070177B /* AppDelegate.swift */,
				A9C7AB3024A451740070177B /* SceneDelegate.swift */,
				A9C7AB3724A451760070177B /* Assets.xcassets */,
				A9C7AB3C24A451760070177B /* Info.plist */,
			);
			path = Wispung;
			sourceTree = "<group>";
		};
		A9C7AB4224A454360070177B /* Models */ = {
			isa = PBXGroup;
			children = (
				A9C7AB4524A456DF0070177B /* Places.swift */,
			);
			path = Models;
			sourceTree = "<group>";
		};
		A9C7AB4324A4543F0070177B /* Controllers */ = {
			isa = PBXGroup;
			children = (
				A9C7AB4F24A480B30070177B /* ProfileViewController.swift */,
				A9C7AB4B24A4629D0070177B /* DetailViewController.swift */,
				A9C7AB4724A45C840070177B /* PlaceTableViewCell.swift */,
				A9C7AB3224A451740070177B /* ViewController.swift */,
			);
			path = Controllers;
			sourceTree = "<group>";
		};
		A9C7AB4424A454480070177B /* Views */ = {
			isa = PBXGroup;
			children = (
				A9C7AB3424A451740070177B /* Main.storyboard */,
				A9C7AB3924A451760070177B /* LaunchScreen.storyboard */,
				A9C7AB4824A45C840070177B /* PlaceTableViewCell.xib */,
				A9C7AB4C24A4629D0070177B /* DetailViewController.xib */,
				A9C7AB5024A480B30070177B /* ProfileViewController.xib */,
			);
			path = Views;
			sourceTree = "<group>";
		};
/* End PBXGroup section */

/* Begin PBXNativeTarget section */
		A9C7AB2A24A451740070177B /* Wispung */ = {
			isa = PBXNativeTarget;
			buildConfigurationList = A9C7AB3F24A451760070177B /* Build configuration list for PBXNativeTarget "Wispung" */;
			buildPhases = (
				A9C7AB2724A451740070177B /* Sources */,
				A9C7AB2824A451740070177B /* Frameworks */,
				A9C7AB2924A451740070177B /* Resources */,
			);
			buildRules = (
			);
			dependencies = (
			);
			name = Wispung;
			productName = Wispung;
			productReference = A9C7AB2B24A451740070177B /* Wispung.app */;
			productType = "com.apple.product-type.application";
		};
/* End PBXNativeTarget section */

/* Begin PBXProject section */
		A9C7AB2324A451740070177B /* Project object */ = {
			isa = PBXProject;
			attributes = {
				LastSwiftUpdateCheck = 1120;
				LastUpgradeCheck = 1120;
				ORGANIZATIONNAME = "Muhammad Irfan";
				TargetAttributes = {
					A9C7AB2A24A451740070177B = {
						CreatedOnToolsVersion = 11.2.1;
					};
				};
			};
			buildConfigurationList = A9C7AB2624A451740070177B /* Build configuration list for PBXProject "Wispung" */;
			compatibilityVersion = "Xcode 9.3";
			developmentRegion = en;
			hasScannedForEncodings = 0;
			knownRegions = (
				en,
				Base,
			);
			mainGroup = A9C7AB2224A451740070177B;
			productRefGroup = A9C7AB2C24A451740070177B /* Products */;
			projectDirPath = "";
			projectRoot = "";
			targets = (
				A9C7AB2A24A451740070177B /* Wispung */,
			);
		};
/* End PBXProject section */

/* Begin PBXResourcesBuildPhase section */
		A9C7AB2924A451740070177B /* Resources */ = {
			isa = PBXResourcesBuildPhase;
			buildActionMask = 2147483647;
			files = (
				A9C7AB5224A480B30070177B /* ProfileViewController.xib in Resources */,
				A9C7AB3B24A451760070177B /* LaunchScreen.storyboard in Resources */,
				A9C7AB3824A451760070177B /* Assets.xcassets in Resources */,
				A9C7AB4E24A4629D0070177B /* DetailViewController.xib in Resources */,
				A9C7AB3624A451740070177B /* Main.storyboard in Resources */,
				A9C7AB4A24A45C840070177B /* PlaceTableViewCell.xib in Resources */,
			);
			runOnlyForDeploymentPostprocessing = 0;
		};
/* End PBXResourcesBuildPhase section */

/* Begin PBXSourcesBuildPhase section */
		A9C7AB2724A451740070177B /* Sources */ = {
			isa = PBXSourcesBuildPhase;
			buildActionMask = 2147483647;
			files = (
				A9C7AB3324A451740070177B /* ViewController.swift in Sources */,
				A9C7AB2F24A451740070177B /* AppDelegate.swift in Sources */,
				A9C7AB3124A451740070177B /* SceneDelegate.swift in Sources */,
				A9C7AB4D24A4629D0070177B /* DetailViewController.swift in Sources */,
				A9C7AB5124A480B30070177B /* ProfileViewController.swift in Sources */,
				A9C7AB4624A456DF0070177B /* Places.swift in Sources */,
				A9C7AB4924A45C840070177B /* PlaceTableViewCell.swift in Sources */,
			);
			runOnlyForDeploymentPostprocessing = 0;
		};
/* End PBXSourcesBuildPhase section */

/* Begin PBXVariantGroup section */
		A9C7AB3424A451740070177B /* Main.storyboard */ = {
			isa = PBXVariantGroup;
			children = (
				A9C7AB3524A451740070177B /* Base */,
			);
			name = Main.storyboard;
			sourceTree = "<group>";
		};
		A9C7AB3924A451760070177B /* LaunchScreen.storyboard */ = {
			isa = PBXVariantGroup;
			children = (
				A9C7AB3A24A451760070177B /* Base */,
			);
			name = LaunchScreen.storyboard;
			sourceTree = "<group>";
		};
/* End PBXVariantGroup section */

/* Begin XCBuildConfiguration section */
		A9C7AB3D24A451760070177B /* Debug */ = {
			isa = XCBuildConfiguration;
			buildSettings = {
				ALWAYS_SEARCH_USER_PATHS = NO;
				CLANG_ANALYZER_NONNULL = YES;
				CLANG_ANALYZER_NUMBER_OBJECT_CONVERSION = YES_AGGRESSIVE;
				CLANG_CXX_LANGUAGE_STANDARD = "gnu++14";
				CLANG_CXX_LIBRARY = "libc++";
				CLANG_ENABLE_MODULES = YES;
				CLANG_ENABLE_OBJC_ARC = YES;
				CLANG_ENABLE_OBJC_WEAK = YES;
				CLANG_WARN_BLOCK_CAPTURE_AUTORELEASING = YES;
				CLANG_WARN_BOOL_CONVERSION = YES;
				CLANG_WARN_COMMA = YES;
				CLANG_WARN_CONSTANT_CONVERSION = YES;
				CLANG_WARN_DEPRECATED_OBJC_IMPLEMENTATIONS = YES;
				CLANG_WARN_DIRECT_OBJC_ISA_USAGE = YES_ERROR;
				CLANG_WARN_DOCUMENTATION_COMMENTS = YES;
				CLANG_WARN_EMPTY_BODY = YES;
				CLANG_WARN_ENUM_CONVERSION = YES;
				CLANG_WARN_INFINITE_RECURSION = YES;
				CLANG_WARN_INT_CONVERSION = YES;
				CLANG_WARN_NON_LITERAL_NULL_CONVERSION = YES;
				CLANG_WARN_OBJC_IMPLICIT_RETAIN_SELF = YES;
				CLANG_WARN_OBJC_LITERAL_CONVERSION = YES;
				CLANG_WARN_OBJC_ROOT_CLASS = YES_ERROR;
				CLANG_WARN_RANGE_LOOP_ANALYSIS = YES;
				CLANG_WARN_STRICT_PROTOTYPES = YES;
				CLANG_WARN_SUSPICIOUS_MOVE = YES;
				CLANG_WARN_UNGUARDED_AVAILABILITY = YES_AGGRESSIVE;
				CLANG_WARN_UNREACHABLE_CODE = YES;
				CLANG_WARN__DUPLICATE_METHOD_MATCH = YES;
				COPY_PHASE_STRIP = NO;
				DEBUG_INFORMATION_FORMAT = dwarf;
				ENABLE_STRICT_OBJC_MSGSEND = YES;
				ENABLE_TESTABILITY = YES;
				GCC_C_LANGUAGE_STANDARD = gnu11;
				GCC_DYNAMIC_NO_PIC = NO;
				GCC_NO_COMMON_BLOCKS = YES;
				GCC_OPTIMIZATION_LEVEL = 0;
				GCC_PREPROCESSOR_DEFINITIONS = (
					"DEBUG=1",
					"$(inherited)",
				);
				GCC_WARN_64_TO_32_BIT_CONVERSION = YES;
				GCC_WARN_ABOUT_RETURN_TYPE = YES_ERROR;
				GCC_WARN_UNDECLARED_SELECTOR = YES;
				GCC_WARN_UNINITIALIZED_AUTOS = YES_AGGRESSIVE;
				GCC_WARN_UNUSED_FUNCTION = YES;
				GCC_WARN_UNUSED_VARIABLE = YES;
				IPHONEOS_DEPLOYMENT_TARGET = 13.2;
				MTL_ENABLE_DEBUG_INFO = INCLUDE_SOURCE;
				MTL_FAST_MATH = YES;
				ONLY_ACTIVE_ARCH = YES;
				SDKROOT = iphoneos;
				SWIFT_ACTIVE_COMPILATION_CONDITIONS = DEBUG;
				SWIFT_OPTIMIZATION_LEVEL = "-Onone";
			};
			name = Debug;
		};
		A9C7AB3E24A451760070177B /* Release */ = {
			isa = XCBuildConfiguration;
			buildSettings = {
				ALWAYS_SEARCH_USER_PATHS = NO;
				CLANG_ANALYZER_NONNULL = YES;
				CLANG_ANALYZER_NUMBER_OBJECT_CONVERSION = YES_AGGRESSIVE;
				CLANG_CXX_LANGUAGE_STANDARD = "gnu++14";
				CLANG_CXX_LIBRARY = "libc++";
				CLANG_ENABLE_MODULES = YES;
				CLANG_ENABLE_OBJC_ARC = YES;
				CLANG_ENABLE_OBJC_WEAK = YES;
				CLANG_WARN_BLOCK_CAPTURE_AUTORELEASING = YES;
				CLANG_WARN_BOOL_CONVERSION = YES;
				CLANG_WARN_COMMA = YES;
				CLANG_WARN_CONSTANT_CONVERSION = YES;
				CLANG_WARN_DEPRECATED_OBJC_IMPLEMENTATIONS = YES;
				CLANG_WARN_DIRECT_OBJC_ISA_USAGE = YES_ERROR;
				CLANG_WARN_DOCUMENTATION_COMMENTS = YES;
				CLANG_WARN_EMPTY_BODY = YES;
				CLANG_WARN_ENUM_CONVERSION = YES;
				CLANG_WARN_INFINITE_RECURSION = YES;
				CLANG_WARN_INT_CONVERSION = YES;
				CLANG_WARN_NON_LITERAL_NULL_CONVERSION = YES;
				CLANG_WARN_OBJC_IMPLICIT_RETAIN_SELF = YES;
				CLANG_WARN_OBJC_LITERAL_CONVERSION = YES;
				CLANG_WARN_OBJC_ROOT_CLASS = YES_ERROR;
				CLANG_WARN_RANGE_LOOP_ANALYSIS = YES;
				CLANG_WARN_STRICT_PROTOTYPES = YES;
				CLANG_WARN_SUSPICIOUS_MOVE = YES;
				CLANG_WARN_UNGUARDED_AVAILABILITY = YES_AGGRESSIVE;
				CLANG_WARN_UNREACHABLE_CODE = YES;
				CLANG_WARN__DUPLICATE_METHOD_MATCH = YES;
				COPY_PHASE_STRIP = NO;
				DEBUG_INFORMATION_FORMAT = "dwarf-with-dsym";
				ENABLE_NS_ASSERTIONS = NO;
				ENABLE_STRICT_OBJC_MSGSEND = YES;
				GCC_C_LANGUAGE_STANDARD = gnu11;
				GCC_NO_COMMON_BLOCKS = YES;
				GCC_WARN_64_TO_32_BIT_CONVERSION = YES;
				GCC_WARN_ABOUT_RETURN_TYPE = YES_ERROR;
				GCC_WARN_UNDECLARED_SELECTOR = YES;
				GCC_WARN_UNINITIALIZED_AUTOS = YES_AGGRESSIVE;
				GCC_WARN_UNUSED_FUNCTION = YES;
				GCC_WARN_UNUSED_VARIABLE = YES;
				IPHONEOS_DEPLOYMENT_TARGET = 13.2;
				MTL_ENABLE_DEBUG_INFO = NO;
				MTL_FAST_MATH = YES;
				SDKROOT = iphoneos;
				SWIFT_COMPILATION_MODE = wholemodule;
				SWIFT_OPTIMIZATION_LEVEL = "-O";
				VALIDATE_PRODUCT = YES;
			};
			name = Release;
		};
		A9C7AB4024A451760070177B /* Debug */ = {
			isa = XCBuildConfiguration;
			buildSettings = {
				ASSETCATALOG_COMPILER_APPICON_NAME = AppIcon;
				CODE_SIGN_STYLE = Automatic;
				DEVELOPMENT_TEAM = 3J6V3X728E;
				INFOPLIST_FILE = Wispung/Info.plist;
				LD_RUNPATH_SEARCH_PATHS = (
					"$(inherited)",
					"@executable_path/Frameworks",
				);
				PRODUCT_BUNDLE_IDENTIFIER = irfanpule.Wispung;
				PRODUCT_NAME = "$(TARGET_NAME)";
				SWIFT_VERSION = 5.0;
				TARGETED_DEVICE_FAMILY = "1,2";
			};
			name = Debug;
		};
		A9C7AB4124A451760070177B /* Release */ = {
			isa = XCBuildConfiguration;
			buildSettings = {
				ASSETCATALOG_COMPILER_APPICON_NAME = AppIcon;
				CODE_SIGN_STYLE = Automatic;
				DEVELOPMENT_TEAM = 3J6V3X728E;
				INFOPLIST_FILE = Wispung/Info.plist;
				LD_RUNPATH_SEARCH_PATHS = (
					"$(inherited)",
					"@executable_path/Frameworks",
				);
				PRODUCT_BUNDLE_IDENTIFIER = irfanpule.Wispung;
				PRODUCT_NAME = "$(TARGET_NAME)";
				SWIFT_VERSION = 5.0;
				TARGETED_DEVICE_FAMILY = "1,2";
			};
			name = Release;
		};
/* End XCBuildConfiguration section */

/* Begin XCConfigurationList section */
		A9C7AB2624A451740070177B /* Build configuration list for PBXProject "Wispung" */ = {
			isa = XCConfigurationList;
			buildConfigurations = (
				A9C7AB3D24A451760070177B /* Debug */,
				A9C7AB3E24A451760070177B /* Release */,
			);
			defaultConfigurationIsVisible = 0;
			defaultConfigurationName = Release;
		};
		A9C7AB3F24A451760070177B /* Build configuration list for PBXNativeTarget "Wispung" */ = {
			isa = XCConfigurationList;
			buildConfigurations = (
				A9C7AB4024A451760070177B /* Debug */,
				A9C7AB4124A451760070177B /* Release */,
			);
			defaultConfigurationIsVisible = 0;
			defaultConfigurationName = Release;
		};
/* End XCConfigurationList section */
	};
	rootObject = A9C7AB2324A451740070177B /* Project object */;
}
